{
	"name": "ipyniivue",
	"lockfileVersion": 3,
	"requires": true,
	"packages": {
		"": {
			"dependencies": {
				"@anywidget/types": "^0.1.9",
				"@niivue/niivue": "^0.39.0"
			},
			"devDependencies": {
				"esbuild": "^0.20.2"
			}
		},
		"node_modules/@anywidget/types": {
			"version": "0.1.9",
			"resolved": "https://registry.npmjs.org/@anywidget/types/-/types-0.1.9.tgz",
			"integrity": "sha512-RvPp2qEDJGdNBpA6KGEEorLBmX7HkVUR+UTWFsc8fUkhsTVEoicDPTxYdLEdt9Wt0XUvLh0QhVOheICDJpyUnA==",
			"dependencies": {
				"@jupyter-widgets/base": "^6.0.7"
			}
		},
		"node_modules/@esbuild/aix-ppc64": {
			"version": "0.20.2",
			"resolved": "https://registry.npmjs.org/@esbuild/aix-ppc64/-/aix-ppc64-0.20.2.tgz",
			"integrity": "sha512-D+EBOJHXdNZcLJRBkhENNG8Wji2kgc9AZ9KiPr1JuZjsNtyHzrsfLRrY0tk2H2aoFu6RANO1y1iPPUCDYWkb5g==",
			"cpu": [
				"ppc64"
			],
			"dev": true,
			"optional": true,
			"os": [
				"aix"
			],
			"engines": {
				"node": ">=12"
			}
		},
		"node_modules/@esbuild/android-arm": {
			"version": "0.20.2",
			"resolved": "https://registry.npmjs.org/@esbuild/android-arm/-/android-arm-0.20.2.tgz",
			"integrity": "sha512-t98Ra6pw2VaDhqNWO2Oph2LXbz/EJcnLmKLGBJwEwXX/JAN83Fym1rU8l0JUWK6HkIbWONCSSatf4sf2NBRx/w==",
			"cpu": [
				"arm"
			],
			"dev": true,
			"optional": true,
			"os": [
				"android"
			],
			"engines": {
				"node": ">=12"
			}
		},
		"node_modules/@esbuild/android-arm64": {
			"version": "0.20.2",
			"resolved": "https://registry.npmjs.org/@esbuild/android-arm64/-/android-arm64-0.20.2.tgz",
			"integrity": "sha512-mRzjLacRtl/tWU0SvD8lUEwb61yP9cqQo6noDZP/O8VkwafSYwZ4yWy24kan8jE/IMERpYncRt2dw438LP3Xmg==",
			"cpu": [
				"arm64"
			],
			"dev": true,
			"optional": true,
			"os": [
				"android"
			],
			"engines": {
				"node": ">=12"
			}
		},
		"node_modules/@esbuild/android-x64": {
			"version": "0.20.2",
			"resolved": "https://registry.npmjs.org/@esbuild/android-x64/-/android-x64-0.20.2.tgz",
			"integrity": "sha512-btzExgV+/lMGDDa194CcUQm53ncxzeBrWJcncOBxuC6ndBkKxnHdFJn86mCIgTELsooUmwUm9FkhSp5HYu00Rg==",
			"cpu": [
				"x64"
			],
			"dev": true,
			"optional": true,
			"os": [
				"android"
			],
			"engines": {
				"node": ">=12"
			}
		},
		"node_modules/@esbuild/darwin-arm64": {
			"version": "0.20.2",
			"resolved": "https://registry.npmjs.org/@esbuild/darwin-arm64/-/darwin-arm64-0.20.2.tgz",
			"integrity": "sha512-4J6IRT+10J3aJH3l1yzEg9y3wkTDgDk7TSDFX+wKFiWjqWp/iCfLIYzGyasx9l0SAFPT1HwSCR+0w/h1ES/MjA==",
			"cpu": [
				"arm64"
			],
			"dev": true,
			"optional": true,
			"os": [
				"darwin"
			],
			"engines": {
				"node": ">=12"
			}
		},
		"node_modules/@esbuild/darwin-x64": {
			"version": "0.20.2",
			"resolved": "https://registry.npmjs.org/@esbuild/darwin-x64/-/darwin-x64-0.20.2.tgz",
			"integrity": "sha512-tBcXp9KNphnNH0dfhv8KYkZhjc+H3XBkF5DKtswJblV7KlT9EI2+jeA8DgBjp908WEuYll6pF+UStUCfEpdysA==",
			"cpu": [
				"x64"
			],
			"dev": true,
			"optional": true,
			"os": [
				"darwin"
			],
			"engines": {
				"node": ">=12"
			}
		},
		"node_modules/@esbuild/freebsd-arm64": {
			"version": "0.20.2",
			"resolved": "https://registry.npmjs.org/@esbuild/freebsd-arm64/-/freebsd-arm64-0.20.2.tgz",
			"integrity": "sha512-d3qI41G4SuLiCGCFGUrKsSeTXyWG6yem1KcGZVS+3FYlYhtNoNgYrWcvkOoaqMhwXSMrZRl69ArHsGJ9mYdbbw==",
			"cpu": [
				"arm64"
			],
			"dev": true,
			"optional": true,
			"os": [
				"freebsd"
			],
			"engines": {
				"node": ">=12"
			}
		},
		"node_modules/@esbuild/freebsd-x64": {
			"version": "0.20.2",
			"resolved": "https://registry.npmjs.org/@esbuild/freebsd-x64/-/freebsd-x64-0.20.2.tgz",
			"integrity": "sha512-d+DipyvHRuqEeM5zDivKV1KuXn9WeRX6vqSqIDgwIfPQtwMP4jaDsQsDncjTDDsExT4lR/91OLjRo8bmC1e+Cw==",
			"cpu": [
				"x64"
			],
			"dev": true,
			"optional": true,
			"os": [
				"freebsd"
			],
			"engines": {
				"node": ">=12"
			}
		},
		"node_modules/@esbuild/linux-arm": {
			"version": "0.20.2",
			"resolved": "https://registry.npmjs.org/@esbuild/linux-arm/-/linux-arm-0.20.2.tgz",
			"integrity": "sha512-VhLPeR8HTMPccbuWWcEUD1Az68TqaTYyj6nfE4QByZIQEQVWBB8vup8PpR7y1QHL3CpcF6xd5WVBU/+SBEvGTg==",
			"cpu": [
				"arm"
			],
			"dev": true,
			"optional": true,
			"os": [
				"linux"
			],
			"engines": {
				"node": ">=12"
			}
		},
		"node_modules/@esbuild/linux-arm64": {
			"version": "0.20.2",
			"resolved": "https://registry.npmjs.org/@esbuild/linux-arm64/-/linux-arm64-0.20.2.tgz",
			"integrity": "sha512-9pb6rBjGvTFNira2FLIWqDk/uaf42sSyLE8j1rnUpuzsODBq7FvpwHYZxQ/It/8b+QOS1RYfqgGFNLRI+qlq2A==",
			"cpu": [
				"arm64"
			],
			"dev": true,
			"optional": true,
			"os": [
				"linux"
			],
			"engines": {
				"node": ">=12"
			}
		},
		"node_modules/@esbuild/linux-ia32": {
			"version": "0.20.2",
			"resolved": "https://registry.npmjs.org/@esbuild/linux-ia32/-/linux-ia32-0.20.2.tgz",
			"integrity": "sha512-o10utieEkNPFDZFQm9CoP7Tvb33UutoJqg3qKf1PWVeeJhJw0Q347PxMvBgVVFgouYLGIhFYG0UGdBumROyiig==",
			"cpu": [
				"ia32"
			],
			"dev": true,
			"optional": true,
			"os": [
				"linux"
			],
			"engines": {
				"node": ">=12"
			}
		},
		"node_modules/@esbuild/linux-loong64": {
			"version": "0.20.2",
			"resolved": "https://registry.npmjs.org/@esbuild/linux-loong64/-/linux-loong64-0.20.2.tgz",
			"integrity": "sha512-PR7sp6R/UC4CFVomVINKJ80pMFlfDfMQMYynX7t1tNTeivQ6XdX5r2XovMmha/VjR1YN/HgHWsVcTRIMkymrgQ==",
			"cpu": [
				"loong64"
			],
			"dev": true,
			"optional": true,
			"os": [
				"linux"
			],
			"engines": {
				"node": ">=12"
			}
		},
		"node_modules/@esbuild/linux-mips64el": {
			"version": "0.20.2",
			"resolved": "https://registry.npmjs.org/@esbuild/linux-mips64el/-/linux-mips64el-0.20.2.tgz",
			"integrity": "sha512-4BlTqeutE/KnOiTG5Y6Sb/Hw6hsBOZapOVF6njAESHInhlQAghVVZL1ZpIctBOoTFbQyGW+LsVYZ8lSSB3wkjA==",
			"cpu": [
				"mips64el"
			],
			"dev": true,
			"optional": true,
			"os": [
				"linux"
			],
			"engines": {
				"node": ">=12"
			}
		},
		"node_modules/@esbuild/linux-ppc64": {
			"version": "0.20.2",
			"resolved": "https://registry.npmjs.org/@esbuild/linux-ppc64/-/linux-ppc64-0.20.2.tgz",
			"integrity": "sha512-rD3KsaDprDcfajSKdn25ooz5J5/fWBylaaXkuotBDGnMnDP1Uv5DLAN/45qfnf3JDYyJv/ytGHQaziHUdyzaAg==",
			"cpu": [
				"ppc64"
			],
			"dev": true,
			"optional": true,
			"os": [
				"linux"
			],
			"engines": {
				"node": ">=12"
			}
		},
		"node_modules/@esbuild/linux-riscv64": {
			"version": "0.20.2",
			"resolved": "https://registry.npmjs.org/@esbuild/linux-riscv64/-/linux-riscv64-0.20.2.tgz",
			"integrity": "sha512-snwmBKacKmwTMmhLlz/3aH1Q9T8v45bKYGE3j26TsaOVtjIag4wLfWSiZykXzXuE1kbCE+zJRmwp+ZbIHinnVg==",
			"cpu": [
				"riscv64"
			],
			"dev": true,
			"optional": true,
			"os": [
				"linux"
			],
			"engines": {
				"node": ">=12"
			}
		},
		"node_modules/@esbuild/linux-s390x": {
			"version": "0.20.2",
			"resolved": "https://registry.npmjs.org/@esbuild/linux-s390x/-/linux-s390x-0.20.2.tgz",
			"integrity": "sha512-wcWISOobRWNm3cezm5HOZcYz1sKoHLd8VL1dl309DiixxVFoFe/o8HnwuIwn6sXre88Nwj+VwZUvJf4AFxkyrQ==",
			"cpu": [
				"s390x"
			],
			"dev": true,
			"optional": true,
			"os": [
				"linux"
			],
			"engines": {
				"node": ">=12"
			}
		},
		"node_modules/@esbuild/linux-x64": {
			"version": "0.20.2",
			"resolved": "https://registry.npmjs.org/@esbuild/linux-x64/-/linux-x64-0.20.2.tgz",
			"integrity": "sha512-1MdwI6OOTsfQfek8sLwgyjOXAu+wKhLEoaOLTjbijk6E2WONYpH9ZU2mNtR+lZ2B4uwr+usqGuVfFT9tMtGvGw==",
			"cpu": [
				"x64"
			],
			"dev": true,
			"optional": true,
			"os": [
				"linux"
			],
			"engines": {
				"node": ">=12"
			}
		},
		"node_modules/@esbuild/netbsd-x64": {
			"version": "0.20.2",
			"resolved": "https://registry.npmjs.org/@esbuild/netbsd-x64/-/netbsd-x64-0.20.2.tgz",
			"integrity": "sha512-K8/DhBxcVQkzYc43yJXDSyjlFeHQJBiowJ0uVL6Tor3jGQfSGHNNJcWxNbOI8v5k82prYqzPuwkzHt3J1T1iZQ==",
			"cpu": [
				"x64"
			],
			"dev": true,
			"optional": true,
			"os": [
				"netbsd"
			],
			"engines": {
				"node": ">=12"
			}
		},
		"node_modules/@esbuild/openbsd-x64": {
			"version": "0.20.2",
			"resolved": "https://registry.npmjs.org/@esbuild/openbsd-x64/-/openbsd-x64-0.20.2.tgz",
			"integrity": "sha512-eMpKlV0SThJmmJgiVyN9jTPJ2VBPquf6Kt/nAoo6DgHAoN57K15ZghiHaMvqjCye/uU4X5u3YSMgVBI1h3vKrQ==",
			"cpu": [
				"x64"
			],
			"dev": true,
			"optional": true,
			"os": [
				"openbsd"
			],
			"engines": {
				"node": ">=12"
			}
		},
		"node_modules/@esbuild/sunos-x64": {
			"version": "0.20.2",
			"resolved": "https://registry.npmjs.org/@esbuild/sunos-x64/-/sunos-x64-0.20.2.tgz",
			"integrity": "sha512-2UyFtRC6cXLyejf/YEld4Hajo7UHILetzE1vsRcGL3earZEW77JxrFjH4Ez2qaTiEfMgAXxfAZCm1fvM/G/o8w==",
			"cpu": [
				"x64"
			],
			"dev": true,
			"optional": true,
			"os": [
				"sunos"
			],
			"engines": {
				"node": ">=12"
			}
		},
		"node_modules/@esbuild/win32-arm64": {
			"version": "0.20.2",
			"resolved": "https://registry.npmjs.org/@esbuild/win32-arm64/-/win32-arm64-0.20.2.tgz",
			"integrity": "sha512-GRibxoawM9ZCnDxnP3usoUDO9vUkpAxIIZ6GQI+IlVmr5kP3zUq+l17xELTHMWTWzjxa2guPNyrpq1GWmPvcGQ==",
			"cpu": [
				"arm64"
			],
			"dev": true,
			"optional": true,
			"os": [
				"win32"
			],
			"engines": {
				"node": ">=12"
			}
		},
		"node_modules/@esbuild/win32-ia32": {
			"version": "0.20.2",
			"resolved": "https://registry.npmjs.org/@esbuild/win32-ia32/-/win32-ia32-0.20.2.tgz",
			"integrity": "sha512-HfLOfn9YWmkSKRQqovpnITazdtquEW8/SoHW7pWpuEeguaZI4QnCRW6b+oZTztdBnZOS2hqJ6im/D5cPzBTTlQ==",
			"cpu": [
				"ia32"
			],
			"dev": true,
			"optional": true,
			"os": [
				"win32"
			],
			"engines": {
				"node": ">=12"
			}
		},
		"node_modules/@esbuild/win32-x64": {
			"version": "0.20.2",
			"resolved": "https://registry.npmjs.org/@esbuild/win32-x64/-/win32-x64-0.20.2.tgz",
			"integrity": "sha512-N49X4lJX27+l9jbLKSqZ6bKNjzQvHaT8IIFUy+YIqmXQdjYCToGWwOItDrfby14c78aDd5NHQl29xingXfCdLQ==",
			"cpu": [
				"x64"
			],
			"dev": true,
			"optional": true,
			"os": [
				"win32"
			],
			"engines": {
				"node": ">=12"
			}
		},
		"node_modules/@jupyter-widgets/base": {
			"version": "6.0.7",
			"resolved": "https://registry.npmjs.org/@jupyter-widgets/base/-/base-6.0.7.tgz",
			"integrity": "sha512-a4VoUtL+90mGH6VE6m78D2J9aNy9Q1JrPP91HAQTXBysVpCLTtq0Ie8EupN5Su7V8eFwl/wz91J2m0p4jY4h0g==",
			"dependencies": {
				"@jupyterlab/services": "^6.0.0 || ^7.0.0",
				"@lumino/coreutils": "^1.11.1 || ^2.1",
				"@lumino/messaging": "^1.10.1 || ^2.1",
				"@lumino/widgets": "^1.30.0 || ^2.1",
				"@types/backbone": "1.4.14",
				"@types/lodash": "^4.14.134",
				"backbone": "1.4.0",
				"jquery": "^3.1.1",
				"lodash": "^4.17.4"
			}
		},
		"node_modules/@jupyter/ydoc": {
			"version": "1.1.1",
			"resolved": "https://registry.npmjs.org/@jupyter/ydoc/-/ydoc-1.1.1.tgz",
			"integrity": "sha512-fXx9CbUwUlXBsJo83tBQL3T0MgWT4YYz2ozcSFj0ymZSohAnI1uo7N9CPpVe4/nmc9uG1lFdlXC4XQBevi2jSA==",
			"dependencies": {
				"@jupyterlab/nbformat": "^3.0.0 || ^4.0.0-alpha.21 || ^4.0.0",
				"@lumino/coreutils": "^1.11.0 || ^2.0.0",
				"@lumino/disposable": "^1.10.0 || ^2.0.0",
				"@lumino/signaling": "^1.10.0 || ^2.0.0",
				"y-protocols": "^1.0.5",
				"yjs": "^13.5.40"
			}
		},
		"node_modules/@jupyterlab/coreutils": {
			"version": "6.1.2",
			"resolved": "https://registry.npmjs.org/@jupyterlab/coreutils/-/coreutils-6.1.2.tgz",
			"integrity": "sha512-YzuKhlviq6/uIazjb2+G9vKPemFfof8z0D0nUnN99aU6oIH40UhtImJf6wvTbKruRmeCferg6AWlKjXxCup6lQ==",
			"dependencies": {
				"@lumino/coreutils": "^2.1.2",
				"@lumino/disposable": "^2.1.2",
				"@lumino/signaling": "^2.1.2",
				"minimist": "~1.2.0",
				"path-browserify": "^1.0.0",
				"url-parse": "~1.5.4"
			}
		},
		"node_modules/@jupyterlab/nbformat": {
			"version": "4.1.2",
			"resolved": "https://registry.npmjs.org/@jupyterlab/nbformat/-/nbformat-4.1.2.tgz",
			"integrity": "sha512-geEau0hCQV85JmsQDpjhcmvA7Sl0XfQ1yfZzz+HuolJI83OJYba2nhsaw8JB2Fa/oT0kXBiO90PE/ka2Lsk8+A==",
			"dependencies": {
				"@lumino/coreutils": "^2.1.2"
			}
		},
		"node_modules/@jupyterlab/services": {
			"version": "7.1.2",
			"resolved": "https://registry.npmjs.org/@jupyterlab/services/-/services-7.1.2.tgz",
			"integrity": "sha512-DFgoc2GN0z20T/cwl7D1xBk3BwkojbsyHXHGv+TKQQmZLEf+tusWiepiUlAvsNDMNkVZpS8rD8gaj0CzCdKsFw==",
			"dependencies": {
				"@jupyter/ydoc": "^1.1.1",
				"@jupyterlab/coreutils": "^6.1.2",
				"@jupyterlab/nbformat": "^4.1.2",
				"@jupyterlab/settingregistry": "^4.1.2",
				"@jupyterlab/statedb": "^4.1.2",
				"@lumino/coreutils": "^2.1.2",
				"@lumino/disposable": "^2.1.2",
				"@lumino/polling": "^2.1.2",
				"@lumino/properties": "^2.0.1",
				"@lumino/signaling": "^2.1.2",
				"ws": "^8.11.0"
			}
		},
		"node_modules/@jupyterlab/settingregistry": {
			"version": "4.1.2",
			"resolved": "https://registry.npmjs.org/@jupyterlab/settingregistry/-/settingregistry-4.1.2.tgz",
			"integrity": "sha512-v0lBXo7zV+O9GpuY44RMkJz5rD8PeG/me0HP+UzD6gOaYEOPzdMgkY0n02hY0DDWCe47GLBlHuPi7nOZCqGTMg==",
			"dependencies": {
				"@jupyterlab/nbformat": "^4.1.2",
				"@jupyterlab/statedb": "^4.1.2",
				"@lumino/commands": "^2.2.0",
				"@lumino/coreutils": "^2.1.2",
				"@lumino/disposable": "^2.1.2",
				"@lumino/signaling": "^2.1.2",
				"@rjsf/utils": "^5.13.4",
				"ajv": "^8.12.0",
				"json5": "^2.2.3"
			},
			"peerDependencies": {
				"react": ">=16"
			}
		},
		"node_modules/@jupyterlab/statedb": {
			"version": "4.1.2",
			"resolved": "https://registry.npmjs.org/@jupyterlab/statedb/-/statedb-4.1.2.tgz",
			"integrity": "sha512-WXdtOxrtoRMkVmvrxsgu+3VjEmm1Gd4CcbGezTnFMTnfk7vvjkE81XeYfaFnAwzgmaHEJYYfqKzEOpZ9bUFxqg==",
			"dependencies": {
				"@lumino/commands": "^2.2.0",
				"@lumino/coreutils": "^2.1.2",
				"@lumino/disposable": "^2.1.2",
				"@lumino/properties": "^2.0.1",
				"@lumino/signaling": "^2.1.2"
			}
		},
		"node_modules/@lukeed/csprng": {
			"version": "1.1.0",
			"resolved": "https://registry.npmjs.org/@lukeed/csprng/-/csprng-1.1.0.tgz",
			"integrity": "sha512-Z7C/xXCiGWsg0KuKsHTKJxbWhpI3Vs5GwLfOean7MGyVFGqdRgBbAjOCh6u4bbjPc/8MJ2pZmK/0DLdCbivLDA==",
			"engines": {
				"node": ">=8"
			}
		},
		"node_modules/@lukeed/uuid": {
			"version": "2.0.1",
			"resolved": "https://registry.npmjs.org/@lukeed/uuid/-/uuid-2.0.1.tgz",
			"integrity": "sha512-qC72D4+CDdjGqJvkFMMEAtancHUQ7/d/tAiHf64z8MopFDmcrtbcJuerDtFceuAfQJ2pDSfCKCtbqoGBNnwg0w==",
			"dependencies": {
				"@lukeed/csprng": "^1.1.0"
			},
			"engines": {
				"node": ">=8"
			}
		},
		"node_modules/@lumino/algorithm": {
			"version": "2.0.1",
			"resolved": "https://registry.npmjs.org/@lumino/algorithm/-/algorithm-2.0.1.tgz",
			"integrity": "sha512-iA+uuvA7DeNFB0/cQpIWNgO1c6z4pOSigifjstLy+rxf1U5ZzxIq+xudnEuTbWgKSTviG02j4cKwCyx1PO6rzA=="
		},
		"node_modules/@lumino/collections": {
			"version": "1.9.3",
			"resolved": "https://registry.npmjs.org/@lumino/collections/-/collections-1.9.3.tgz",
			"integrity": "sha512-2i2Wf1xnfTgEgdyKEpqM16bcYRIhUOGCDzaVCEZACVG9R1CgYwOe3zfn71slBQOVSjjRgwYrgLXu4MBpt6YK+g==",
			"dependencies": {
				"@lumino/algorithm": "^1.9.2"
			}
		},
		"node_modules/@lumino/collections/node_modules/@lumino/algorithm": {
			"version": "1.9.2",
			"resolved": "https://registry.npmjs.org/@lumino/algorithm/-/algorithm-1.9.2.tgz",
			"integrity": "sha512-Z06lp/yuhz8CtIir3PNTGnuk7909eXt4ukJsCzChsGuot2l5Fbs96RJ/FOHgwCedaX74CtxPjXHXoszFbUA+4A=="
		},
		"node_modules/@lumino/commands": {
			"version": "2.2.0",
			"resolved": "https://registry.npmjs.org/@lumino/commands/-/commands-2.2.0.tgz",
			"integrity": "sha512-xm+4rFithAd/DLZheQcS0GJaI3m0gVg07mCEZAWBLolN5e7w6XTr17VuD7J6KSjdBygMKZ3n8GlEkpcRNWEajA==",
			"dependencies": {
				"@lumino/algorithm": "^2.0.1",
				"@lumino/coreutils": "^2.1.2",
				"@lumino/disposable": "^2.1.2",
				"@lumino/domutils": "^2.0.1",
				"@lumino/keyboard": "^2.0.1",
				"@lumino/signaling": "^2.1.2",
				"@lumino/virtualdom": "^2.0.1"
			}
		},
		"node_modules/@lumino/coreutils": {
			"version": "2.1.2",
			"resolved": "https://registry.npmjs.org/@lumino/coreutils/-/coreutils-2.1.2.tgz",
			"integrity": "sha512-vyz7WzchTO4HQ8iVAxvSUmb5o/8t3cz1vBo8V4ZIaPGada0Jx0xe3tKQ8bXp4pjHc+AEhMnkCnlUyVYMWbnj4A=="
		},
		"node_modules/@lumino/disposable": {
			"version": "2.1.2",
			"resolved": "https://registry.npmjs.org/@lumino/disposable/-/disposable-2.1.2.tgz",
			"integrity": "sha512-0qmB6zPt9+uj4SVMTfISn0wUOjYHahtKotwxDD5flfcscj2gsXaFCXO4Oqot1zcsZbg8uJmTUhEzAvFW0QhFNA==",
			"dependencies": {
				"@lumino/signaling": "^2.1.2"
			}
		},
		"node_modules/@lumino/domutils": {
			"version": "2.0.1",
			"resolved": "https://registry.npmjs.org/@lumino/domutils/-/domutils-2.0.1.tgz",
			"integrity": "sha512-tbcfhsdKH04AMjSgYAYGD2xE80YcjrqKnfMTeU2NHt4J294Hzxs1GvEmSMk5qJ3Bbgwx6Z4BbQ7apnFg8Gc6cA=="
		},
		"node_modules/@lumino/dragdrop": {
			"version": "2.1.4",
			"resolved": "https://registry.npmjs.org/@lumino/dragdrop/-/dragdrop-2.1.4.tgz",
			"integrity": "sha512-/ckaYPHIZC1Ff0pU2H3WDI/Xm7V3i0XnyYG4PeZvG1+ovc0I0zeZtlb6qZXne0Vi2r8L2a0624FjF2CwwgNSnA==",
			"dependencies": {
				"@lumino/coreutils": "^2.1.2",
				"@lumino/disposable": "^2.1.2"
			}
		},
		"node_modules/@lumino/keyboard": {
			"version": "2.0.1",
			"resolved": "https://registry.npmjs.org/@lumino/keyboard/-/keyboard-2.0.1.tgz",
			"integrity": "sha512-R2mrH9HCEcv/0MSAl7bEUbjCNOnhrg49nXZBEVckg//TEG+sdayCsyrbJNMPcZ07asIPKc6mq3v7DpAmDKqh+w=="
		},
		"node_modules/@lumino/messaging": {
			"version": "1.10.3",
			"resolved": "https://registry.npmjs.org/@lumino/messaging/-/messaging-1.10.3.tgz",
			"integrity": "sha512-F/KOwMCdqvdEG8CYAJcBSadzp6aI7a47Fr60zAKGqZATSRRRV41q53iXU7HjFPqQqQIvdn9Z7J32rBEAyQAzww==",
			"dependencies": {
				"@lumino/algorithm": "^1.9.2",
				"@lumino/collections": "^1.9.3"
			}
		},
		"node_modules/@lumino/messaging/node_modules/@lumino/algorithm": {
			"version": "1.9.2",
			"resolved": "https://registry.npmjs.org/@lumino/algorithm/-/algorithm-1.9.2.tgz",
			"integrity": "sha512-Z06lp/yuhz8CtIir3PNTGnuk7909eXt4ukJsCzChsGuot2l5Fbs96RJ/FOHgwCedaX74CtxPjXHXoszFbUA+4A=="
		},
		"node_modules/@lumino/polling": {
			"version": "2.1.2",
			"resolved": "https://registry.npmjs.org/@lumino/polling/-/polling-2.1.2.tgz",
			"integrity": "sha512-hv6MT7xuSrw2gW4VIoiz3L366ZdZz4oefht+7HIW/VUB6seSDp0kVyZ4P9P4I4s/LauuzPqru3eWr7QAsFZyGA==",
			"dependencies": {
				"@lumino/coreutils": "^2.1.2",
				"@lumino/disposable": "^2.1.2",
				"@lumino/signaling": "^2.1.2"
			}
		},
		"node_modules/@lumino/properties": {
			"version": "2.0.1",
			"resolved": "https://registry.npmjs.org/@lumino/properties/-/properties-2.0.1.tgz",
			"integrity": "sha512-RPtHrp8cQqMnTC915lOIdrmsbPDCC7PhPOZb2YY7/Jj6dEdwmGhoMthc2tBEYWoHP+tU/hVm8UR/mEQby22srQ=="
		},
		"node_modules/@lumino/signaling": {
			"version": "2.1.2",
			"resolved": "https://registry.npmjs.org/@lumino/signaling/-/signaling-2.1.2.tgz",
			"integrity": "sha512-KtwKxx+xXkLOX/BdSqtvnsqBTPKDIENFBKeYkMTxstQc3fHRmyTzmaVoeZES+pr1EUy3e8vM4pQFVQpb8VsDdA==",
			"dependencies": {
				"@lumino/algorithm": "^2.0.1",
				"@lumino/coreutils": "^2.1.2"
			}
		},
		"node_modules/@lumino/virtualdom": {
			"version": "2.0.1",
			"resolved": "https://registry.npmjs.org/@lumino/virtualdom/-/virtualdom-2.0.1.tgz",
			"integrity": "sha512-WNM+uUZX7vORhlDRN9NmhEE04Tz1plDjtbwsX+i/51pQj2N2r7+gsVPY/gR4w+I5apmC3zG8/BojjJYIwi8ogA==",
			"dependencies": {
				"@lumino/algorithm": "^2.0.1"
			}
		},
		"node_modules/@lumino/widgets": {
			"version": "2.3.1",
			"resolved": "https://registry.npmjs.org/@lumino/widgets/-/widgets-2.3.1.tgz",
			"integrity": "sha512-t3yKoXY4P1K1Tiv7ABZLKjwtn2gFIbaK0jnjFhoHNlzX5q43cm7FjtCFQWrvJbBN6Heq9qq00JPOWXeZ3IlQdg==",
			"dependencies": {
				"@lumino/algorithm": "^2.0.1",
				"@lumino/commands": "^2.2.0",
				"@lumino/coreutils": "^2.1.2",
				"@lumino/disposable": "^2.1.2",
				"@lumino/domutils": "^2.0.1",
				"@lumino/dragdrop": "^2.1.4",
				"@lumino/keyboard": "^2.0.1",
				"@lumino/messaging": "^2.0.1",
				"@lumino/properties": "^2.0.1",
				"@lumino/signaling": "^2.1.2",
				"@lumino/virtualdom": "^2.0.1"
			}
		},
		"node_modules/@lumino/widgets/node_modules/@lumino/collections": {
			"version": "2.0.1",
			"resolved": "https://registry.npmjs.org/@lumino/collections/-/collections-2.0.1.tgz",
			"integrity": "sha512-8TbAU/48XVPKc/FOhGHLuugf2Gmx6vhVEx867KGG5fLwDOI8EW4gTno78yJUk8G0QpgNa+sdpB/LwbJFNIratg==",
			"dependencies": {
				"@lumino/algorithm": "^2.0.1"
			}
		},
		"node_modules/@lumino/widgets/node_modules/@lumino/messaging": {
			"version": "2.0.1",
			"resolved": "https://registry.npmjs.org/@lumino/messaging/-/messaging-2.0.1.tgz",
			"integrity": "sha512-Z1b9Sq7i2yw7BN/u9ezoBUMYK06CsQXO7BqpczSnEO0PfwFf9dWi7y9VcIySOBz9uogsT1uczZMIMtLefk+xPQ==",
			"dependencies": {
				"@lumino/algorithm": "^2.0.1",
				"@lumino/collections": "^2.0.1"
			}
		},
		"node_modules/@niivue/niivue": {
			"version": "0.39.0",
			"resolved": "https://registry.npmjs.org/@niivue/niivue/-/niivue-0.39.0.tgz",
			"integrity": "sha512-j7vyd5BpkyX+liO6LNa0zGiCp75RoeC3gzijATlVwyeF+0T391doldfUEwIAaolbN8JxfUlgZxMnsBcHKR9gGQ==",
			"dependencies": {
				"@lukeed/uuid": "^2.0.1",
				"@ungap/structured-clone": "^1.0.2",
				"array-equal": "^1.0.2",
				"daikon": "^1.2.43",
				"fflate": "^0.7.4",
				"gl-matrix": "^3.4.3",
				"nifti-reader-js": "^0.6.8",
				"rxjs": "^7.8.0"
			},
			"optionalDependencies": {
				"@rollup/rollup-linux-x64-gnu": "^4.6.1"
			}
		},
		"node_modules/@rjsf/utils": {
			"version": "5.17.1",
			"resolved": "https://registry.npmjs.org/@rjsf/utils/-/utils-5.17.1.tgz",
			"integrity": "sha512-q1Igz/cuM2hi+jiXFkoaXqdRTUFB+a0jfVKNmZlHmvPmfYeeJfcfyOTzO8dQ41fHNHUFb15ryxa/TblDQimwkA==",
			"dependencies": {
				"json-schema-merge-allof": "^0.8.1",
				"jsonpointer": "^5.0.1",
				"lodash": "^4.17.21",
				"lodash-es": "^4.17.21",
				"react-is": "^18.2.0"
			},
			"engines": {
				"node": ">=14"
			},
			"peerDependencies": {
				"react": "^16.14.0 || >=17"
			}
		},
		"node_modules/@rollup/rollup-linux-x64-gnu": {
			"version": "4.9.6",
			"resolved": "https://registry.npmjs.org/@rollup/rollup-linux-x64-gnu/-/rollup-linux-x64-gnu-4.9.6.tgz",
			"integrity": "sha512-HUNqM32dGzfBKuaDUBqFB7tP6VMN74eLZ33Q9Y1TBqRDn+qDonkAUyKWwF9BR9unV7QUzffLnz9GrnKvMqC/fw==",
			"cpu": [
				"x64"
			],
			"optional": true,
			"os": [
				"linux"
			]
		},
		"node_modules/@types/backbone": {
			"version": "1.4.14",
			"resolved": "https://registry.npmjs.org/@types/backbone/-/backbone-1.4.14.tgz",
			"integrity": "sha512-85ldQ99fiYTJFBlZuAJRaCdvTZKZ2p1fSs3fVf+6Ub6k1X0g0hNJ0qJ/2FOByyyAQYLtbEz3shX5taKQfBKBDw==",
			"dependencies": {
				"@types/jquery": "*",
				"@types/underscore": "*"
			}
		},
		"node_modules/@types/jquery": {
			"version": "3.5.29",
			"resolved": "https://registry.npmjs.org/@types/jquery/-/jquery-3.5.29.tgz",
			"integrity": "sha512-oXQQC9X9MOPRrMhPHHOsXqeQDnWeCDT3PelUIg/Oy8FAbzSZtFHRjc7IpbfFVmpLtJ+UOoywpRsuO5Jxjybyeg==",
			"dependencies": {
				"@types/sizzle": "*"
			}
		},
		"node_modules/@types/lodash": {
			"version": "4.14.202",
			"resolved": "https://registry.npmjs.org/@types/lodash/-/lodash-4.14.202.tgz",
			"integrity": "sha512-OvlIYQK9tNneDlS0VN54LLd5uiPCBOp7gS5Z0f1mjoJYBrtStzgmJBxONW3U6OZqdtNzZPmn9BS/7WI7BFFcFQ=="
		},
		"node_modules/@types/sizzle": {
			"version": "2.3.8",
			"resolved": "https://registry.npmjs.org/@types/sizzle/-/sizzle-2.3.8.tgz",
			"integrity": "sha512-0vWLNK2D5MT9dg0iOo8GlKguPAU02QjmZitPEsXRuJXU/OGIOt9vT9Fc26wtYuavLxtO45v9PGleoL9Z0k1LHg=="
		},
		"node_modules/@types/underscore": {
			"version": "1.11.15",
			"resolved": "https://registry.npmjs.org/@types/underscore/-/underscore-1.11.15.tgz",
			"integrity": "sha512-HP38xE+GuWGlbSRq9WrZkousaQ7dragtZCruBVMi0oX1migFZavZ3OROKHSkNp/9ouq82zrWtZpg18jFnVN96g=="
		},
		"node_modules/@ungap/structured-clone": {
			"version": "1.2.0",
			"resolved": "https://registry.npmjs.org/@ungap/structured-clone/-/structured-clone-1.2.0.tgz",
			"integrity": "sha512-zuVdFrMJiuCDQUMCzQaD6KL28MjnqqN8XnAqiEq9PNm/hCPTSGfrXCOfwj1ow4LFb/tNymJPwsNbVePc1xFqrQ=="
		},
		"node_modules/@wearemothership/dicom-character-set": {
			"version": "1.0.4-opt.1",
			"resolved": "https://registry.npmjs.org/@wearemothership/dicom-character-set/-/dicom-character-set-1.0.4-opt.1.tgz",
			"integrity": "sha512-stqhnpawYHY2UZKj4RHTF71ab3q3z8S1SO9ToQKjsHQwowUdFVo6YFea93psFux3yqNbRlQjwoCdPjHcD0YQzw==",
			"engines": {
				"node": ">=10"
			}
		},
		"node_modules/ajv": {
			"version": "8.12.0",
			"resolved": "https://registry.npmjs.org/ajv/-/ajv-8.12.0.tgz",
			"integrity": "sha512-sRu1kpcO9yLtYxBKvqfTeh9KzZEwO3STyX1HT+4CaDzC6HpTGYhIhPIzj9XuKU7KYDwnaeh5hcOwjy1QuJzBPA==",
			"dependencies": {
				"fast-deep-equal": "^3.1.1",
				"json-schema-traverse": "^1.0.0",
				"require-from-string": "^2.0.2",
				"uri-js": "^4.2.2"
			},
			"funding": {
				"type": "github",
				"url": "https://github.com/sponsors/epoberezkin"
			}
		},
		"node_modules/array-equal": {
			"version": "1.0.2",
			"resolved": "https://registry.npmjs.org/array-equal/-/array-equal-1.0.2.tgz",
			"integrity": "sha512-gUHx76KtnhEgB3HOuFYiCm3FIdEs6ocM2asHvNTkfu/Y09qQVrrVVaOKENmS2KkSaGoxgXNqC+ZVtR/n0MOkSA==",
			"funding": {
				"url": "https://github.com/sponsors/sindresorhus"
			}
		},
		"node_modules/backbone": {
			"version": "1.4.0",
			"resolved": "https://registry.npmjs.org/backbone/-/backbone-1.4.0.tgz",
			"integrity": "sha512-RLmDrRXkVdouTg38jcgHhyQ/2zjg7a8E6sz2zxfz21Hh17xDJYUHBZimVIt5fUyS8vbfpeSmTL3gUjTEvUV3qQ==",
			"dependencies": {
				"underscore": ">=1.8.3"
			}
		},
		"node_modules/compute-gcd": {
			"version": "1.2.1",
			"resolved": "https://registry.npmjs.org/compute-gcd/-/compute-gcd-1.2.1.tgz",
			"integrity": "sha512-TwMbxBNz0l71+8Sc4czv13h4kEqnchV9igQZBi6QUaz09dnz13juGnnaWWJTRsP3brxOoxeB4SA2WELLw1hCtg==",
			"dependencies": {
				"validate.io-array": "^1.0.3",
				"validate.io-function": "^1.0.2",
				"validate.io-integer-array": "^1.0.0"
			}
		},
		"node_modules/compute-lcm": {
			"version": "1.1.2",
			"resolved": "https://registry.npmjs.org/compute-lcm/-/compute-lcm-1.1.2.tgz",
			"integrity": "sha512-OFNPdQAXnQhDSKioX8/XYT6sdUlXwpeMjfd6ApxMJfyZ4GxmLR1xvMERctlYhlHwIiz6CSpBc2+qYKjHGZw4TQ==",
			"dependencies": {
				"compute-gcd": "^1.2.1",
				"validate.io-array": "^1.0.3",
				"validate.io-function": "^1.0.2",
				"validate.io-integer-array": "^1.0.0"
			}
		},
		"node_modules/daikon": {
			"version": "1.2.45",
			"resolved": "https://registry.npmjs.org/daikon/-/daikon-1.2.45.tgz",
			"integrity": "sha512-AE8A8aLI4T1v17tA0qicecL9S9PIzFIQtGPmI8XK1L+06nJq1C3ZWj6B5gxosBf9h4dEgrvGKasCoibRep/q8g==",
			"dependencies": {
				"@wearemothership/dicom-character-set": "^1.0.4-opt.1",
				"fflate": "*",
				"jpeg-lossless-decoder-js": "^2.0.7",
				"pako": "^1.0",
				"xss": "0.0.9"
			}
		},
		"node_modules/esbuild": {
			"version": "0.20.2",
			"resolved": "https://registry.npmjs.org/esbuild/-/esbuild-0.20.2.tgz",
			"integrity": "sha512-WdOOppmUNU+IbZ0PaDiTst80zjnrOkyJNHoKupIcVyU8Lvla3Ugx94VzkQ32Ijqd7UhHJy75gNWDMUekcrSJ6g==",
			"dev": true,
			"hasInstallScript": true,
			"bin": {
				"esbuild": "bin/esbuild"
			},
			"engines": {
				"node": ">=12"
			},
			"optionalDependencies": {
				"@esbuild/aix-ppc64": "0.20.2",
				"@esbuild/android-arm": "0.20.2",
				"@esbuild/android-arm64": "0.20.2",
				"@esbuild/android-x64": "0.20.2",
				"@esbuild/darwin-arm64": "0.20.2",
				"@esbuild/darwin-x64": "0.20.2",
				"@esbuild/freebsd-arm64": "0.20.2",
				"@esbuild/freebsd-x64": "0.20.2",
				"@esbuild/linux-arm": "0.20.2",
				"@esbuild/linux-arm64": "0.20.2",
				"@esbuild/linux-ia32": "0.20.2",
				"@esbuild/linux-loong64": "0.20.2",
				"@esbuild/linux-mips64el": "0.20.2",
				"@esbuild/linux-ppc64": "0.20.2",
				"@esbuild/linux-riscv64": "0.20.2",
				"@esbuild/linux-s390x": "0.20.2",
				"@esbuild/linux-x64": "0.20.2",
				"@esbuild/netbsd-x64": "0.20.2",
				"@esbuild/openbsd-x64": "0.20.2",
				"@esbuild/sunos-x64": "0.20.2",
				"@esbuild/win32-arm64": "0.20.2",
				"@esbuild/win32-ia32": "0.20.2",
				"@esbuild/win32-x64": "0.20.2"
			}
		},
		"node_modules/fast-deep-equal": {
			"version": "3.1.3",
			"resolved": "https://registry.npmjs.org/fast-deep-equal/-/fast-deep-equal-3.1.3.tgz",
			"integrity": "sha512-f3qQ9oQy9j2AhBe/H9VC91wLmKBCCU/gDOnKNAYG5hswO7BLKj09Hc5HYNz9cGI++xlpDCIgDaitVs03ATR84Q=="
		},
		"node_modules/fflate": {
			"version": "0.7.4",
			"resolved": "https://registry.npmjs.org/fflate/-/fflate-0.7.4.tgz",
			"integrity": "sha512-5u2V/CDW15QM1XbbgS+0DfPxVB+jUKhWEKuuFuHncbk3tEEqzmoXL+2KyOFuKGqOnmdIy0/davWF1CkuwtibCw=="
		},
		"node_modules/gl-matrix": {
			"version": "3.4.3",
			"resolved": "https://registry.npmjs.org/gl-matrix/-/gl-matrix-3.4.3.tgz",
			"integrity": "sha512-wcCp8vu8FT22BnvKVPjXa/ICBWRq/zjFfdofZy1WSpQZpphblv12/bOQLBC1rMM7SGOFS9ltVmKOHil5+Ml7gA=="
		},
		"node_modules/isomorphic.js": {
			"version": "0.2.5",
			"resolved": "https://registry.npmjs.org/isomorphic.js/-/isomorphic.js-0.2.5.tgz",
			"integrity": "sha512-PIeMbHqMt4DnUP3MA/Flc0HElYjMXArsw1qwJZcm9sqR8mq3l8NYizFMty0pWwE/tzIGH3EKK5+jes5mAr85yw==",
			"funding": {
				"type": "GitHub Sponsors ❤",
				"url": "https://github.com/sponsors/dmonad"
			}
		},
		"node_modules/jpeg-lossless-decoder-js": {
			"version": "2.1.0",
			"resolved": "https://registry.npmjs.org/jpeg-lossless-decoder-js/-/jpeg-lossless-decoder-js-2.1.0.tgz",
			"integrity": "sha512-jeb6656kiWT1DctSlnie0u+iHhd/9yQ3T5RgbJI7x0blx3olxGHENspeRZQHPKFeSanSTsLRRptmfEN8qiiYWA=="
		},
		"node_modules/jquery": {
			"version": "3.7.1",
			"resolved": "https://registry.npmjs.org/jquery/-/jquery-3.7.1.tgz",
			"integrity": "sha512-m4avr8yL8kmFN8psrbFFFmB/If14iN5o9nw/NgnnM+kybDJpRsAynV2BsfpTYrTRysYUdADVD7CkUUizgkpLfg=="
		},
		"node_modules/js-tokens": {
			"version": "4.0.0",
			"resolved": "https://registry.npmjs.org/js-tokens/-/js-tokens-4.0.0.tgz",
			"integrity": "sha512-RdJUflcE3cUzKiMqQgsCu06FPu9UdIJO0beYbPhHN4k6apgJtifcoCtT9bcxOpYBtpD2kCM6Sbzg4CausW/PKQ==",
			"peer": true
		},
		"node_modules/json-schema-compare": {
			"version": "0.2.2",
			"resolved": "https://registry.npmjs.org/json-schema-compare/-/json-schema-compare-0.2.2.tgz",
			"integrity": "sha512-c4WYmDKyJXhs7WWvAWm3uIYnfyWFoIp+JEoX34rctVvEkMYCPGhXtvmFFXiffBbxfZsvQ0RNnV5H7GvDF5HCqQ==",
			"dependencies": {
				"lodash": "^4.17.4"
			}
		},
		"node_modules/json-schema-merge-allof": {
			"version": "0.8.1",
			"resolved": "https://registry.npmjs.org/json-schema-merge-allof/-/json-schema-merge-allof-0.8.1.tgz",
			"integrity": "sha512-CTUKmIlPJbsWfzRRnOXz+0MjIqvnleIXwFTzz+t9T86HnYX/Rozria6ZVGLktAU9e+NygNljveP+yxqtQp/Q4w==",
			"dependencies": {
				"compute-lcm": "^1.1.2",
				"json-schema-compare": "^0.2.2",
				"lodash": "^4.17.20"
			},
			"engines": {
				"node": ">=12.0.0"
			}
		},
		"node_modules/json-schema-traverse": {
			"version": "1.0.0",
			"resolved": "https://registry.npmjs.org/json-schema-traverse/-/json-schema-traverse-1.0.0.tgz",
			"integrity": "sha512-NM8/P9n3XjXhIZn1lLhkFaACTOURQXjWhV4BA/RnOv8xvgqtqpAX9IO4mRQxSx1Rlo4tqzeqb0sOlruaOy3dug=="
		},
		"node_modules/json5": {
			"version": "2.2.3",
			"resolved": "https://registry.npmjs.org/json5/-/json5-2.2.3.tgz",
			"integrity": "sha512-XmOWe7eyHYH14cLdVPoyg+GOH3rYX++KpzrylJwSW98t3Nk+U8XOl8FWKOgwtzdb8lXGf6zYwDUzeHMWfxasyg==",
			"bin": {
				"json5": "lib/cli.js"
			},
			"engines": {
				"node": ">=6"
			}
		},
		"node_modules/jsonpointer": {
			"version": "5.0.1",
			"resolved": "https://registry.npmjs.org/jsonpointer/-/jsonpointer-5.0.1.tgz",
			"integrity": "sha512-p/nXbhSEcu3pZRdkW1OfJhpsVtW1gd4Wa1fnQc9YLiTfAjn0312eMKimbdIQzuZl9aa9xUGaRlP9T/CJE/ditQ==",
			"engines": {
				"node": ">=0.10.0"
			}
		},
		"node_modules/lib0": {
			"version": "0.2.89",
			"resolved": "https://registry.npmjs.org/lib0/-/lib0-0.2.89.tgz",
			"integrity": "sha512-5j19vcCjsQhvLG6mcDD+nprtJUCbmqLz5Hzt5xgi9SV6RIW/Dty7ZkVZHGBuPOADMKjQuKDvuQTH495wsmw8DQ==",
			"dependencies": {
				"isomorphic.js": "^0.2.4"
			},
			"bin": {
				"0gentesthtml": "bin/gentesthtml.js",
				"0serve": "bin/0serve.js"
			},
			"engines": {
				"node": ">=16"
			},
			"funding": {
				"type": "GitHub Sponsors ❤",
				"url": "https://github.com/sponsors/dmonad"
			}
		},
		"node_modules/lodash": {
			"version": "4.17.21",
			"resolved": "https://registry.npmjs.org/lodash/-/lodash-4.17.21.tgz",
			"integrity": "sha512-v2kDEe57lecTulaDIuNTPy3Ry4gLGJ6Z1O3vE1krgXZNrsQ+LFTGHVxVjcXPs17LhbZVGedAJv8XZ1tvj5FvSg=="
		},
		"node_modules/lodash-es": {
			"version": "4.17.21",
			"resolved": "https://registry.npmjs.org/lodash-es/-/lodash-es-4.17.21.tgz",
			"integrity": "sha512-mKnC+QJ9pWVzv+C4/U3rRsHapFfHvQFoFB92e52xeyGMcX6/OlIl78je1u8vePzYZSkkogMPJ2yjxxsb89cxyw=="
		},
		"node_modules/loose-envify": {
			"version": "1.4.0",
			"resolved": "https://registry.npmjs.org/loose-envify/-/loose-envify-1.4.0.tgz",
			"integrity": "sha512-lyuxPGr/Wfhrlem2CL/UcnUc1zcqKAImBDzukY7Y5F/yQiNdko6+fRLevlw1HgMySw7f611UIY408EtxRSoK3Q==",
			"peer": true,
			"dependencies": {
				"js-tokens": "^3.0.0 || ^4.0.0"
			},
			"bin": {
				"loose-envify": "cli.js"
			}
		},
		"node_modules/minimist": {
			"version": "1.2.8",
			"resolved": "https://registry.npmjs.org/minimist/-/minimist-1.2.8.tgz",
			"integrity": "sha512-2yyAR8qBkN3YuheJanUpWC5U3bb5osDywNB8RzDVlDwDHbocAJveqqj1u8+SVD7jkWT4yvsHCpWqqWqAxb0zCA==",
			"funding": {
				"url": "https://github.com/sponsors/ljharb"
			}
		},
		"node_modules/nifti-reader-js": {
			"version": "0.6.8",
			"resolved": "https://registry.npmjs.org/nifti-reader-js/-/nifti-reader-js-0.6.8.tgz",
			"integrity": "sha512-yIKNVzYFiUcSHazoR+sd6Ka7sUmZTabaVqJRFxbdlAKR1hnPBuNP71g3AyApo37nJ3k41c632QPij5q7gF1YPQ==",
			"dependencies": {
				"fflate": "*"
			}
		},
		"node_modules/pako": {
			"version": "1.0.11",
			"resolved": "https://registry.npmjs.org/pako/-/pako-1.0.11.tgz",
			"integrity": "sha512-4hLB8Py4zZce5s4yd9XzopqwVv/yGNhV1Bl8NTmCq1763HeK2+EwVTv+leGeL13Dnh2wfbqowVPXCIO0z4taYw=="
		},
		"node_modules/path-browserify": {
			"version": "1.0.1",
			"resolved": "https://registry.npmjs.org/path-browserify/-/path-browserify-1.0.1.tgz",
			"integrity": "sha512-b7uo2UCUOYZcnF/3ID0lulOJi/bafxa1xPe7ZPsammBSpjSWQkjNxlt635YGS2MiR9GjvuXCtz2emr3jbsz98g=="
		},
		"node_modules/punycode": {
			"version": "2.3.1",
			"resolved": "https://registry.npmjs.org/punycode/-/punycode-2.3.1.tgz",
			"integrity": "sha512-vYt7UD1U9Wg6138shLtLOvdAu+8DsC/ilFtEVHcH+wydcSpNE20AfSOduf6MkRFahL5FY7X1oU7nKVZFtfq8Fg==",
			"engines": {
				"node": ">=6"
			}
		},
		"node_modules/querystringify": {
			"version": "2.2.0",
			"resolved": "https://registry.npmjs.org/querystringify/-/querystringify-2.2.0.tgz",
			"integrity": "sha512-FIqgj2EUvTa7R50u0rGsyTftzjYmv/a3hO345bZNrqabNqjtgiDMgmo4mkUjd+nzU5oF3dClKqFIPUKybUyqoQ=="
		},
		"node_modules/react": {
			"version": "18.2.0",
			"resolved": "https://registry.npmjs.org/react/-/react-18.2.0.tgz",
			"integrity": "sha512-/3IjMdb2L9QbBdWiW5e3P2/npwMBaU9mHCSCUzNln0ZCYbcfTsGbTJrU/kGemdH2IWmB2ioZ+zkxtmq6g09fGQ==",
			"peer": true,
			"dependencies": {
				"loose-envify": "^1.1.0"
			},
			"engines": {
				"node": ">=0.10.0"
			}
		},
		"node_modules/react-is": {
			"version": "18.2.0",
			"resolved": "https://registry.npmjs.org/react-is/-/react-is-18.2.0.tgz",
			"integrity": "sha512-xWGDIW6x921xtzPkhiULtthJHoJvBbF3q26fzloPCK0hsvxtPVelvftw3zjbHWSkR2km9Z+4uxbDDK/6Zw9B8w=="
		},
		"node_modules/require-from-string": {
			"version": "2.0.2",
			"resolved": "https://registry.npmjs.org/require-from-string/-/require-from-string-2.0.2.tgz",
			"integrity": "sha512-Xf0nWe6RseziFMu+Ap9biiUbmplq6S9/p+7w7YXP/JBHhrUDDUhwa+vANyubuqfZWTveU//DYVGsDG7RKL/vEw==",
			"engines": {
				"node": ">=0.10.0"
			}
		},
		"node_modules/requires-port": {
			"version": "1.0.0",
			"resolved": "https://registry.npmjs.org/requires-port/-/requires-port-1.0.0.tgz",
			"integrity": "sha512-KigOCHcocU3XODJxsu8i/j8T9tzT4adHiecwORRQ0ZZFcp7ahwXuRU1m+yuO90C5ZUyGeGfocHDI14M3L3yDAQ=="
		},
		"node_modules/rxjs": {
			"version": "7.8.1",
			"resolved": "https://registry.npmjs.org/rxjs/-/rxjs-7.8.1.tgz",
			"integrity": "sha512-AA3TVj+0A2iuIoQkWEK/tqFjBq2j+6PO6Y0zJcvzLAFhEFIO3HL0vls9hWLncZbAAbK0mar7oZ4V079I/qPMxg==",
			"dependencies": {
				"tslib": "^2.1.0"
			}
		},
		"node_modules/tslib": {
			"version": "2.6.2",
			"resolved": "https://registry.npmjs.org/tslib/-/tslib-2.6.2.tgz",
			"integrity": "sha512-AEYxH93jGFPn/a2iVAwW87VuUIkR1FVUKB77NwMF7nBTDkDrrT/Hpt/IrCJ0QXhW27jTBDcf5ZY7w6RiqTMw2Q=="
		},
		"node_modules/underscore": {
			"version": "1.13.6",
			"resolved": "https://registry.npmjs.org/underscore/-/underscore-1.13.6.tgz",
			"integrity": "sha512-+A5Sja4HP1M08MaXya7p5LvjuM7K6q/2EaC0+iovj/wOcMsTzMvDFbasi/oSapiwOlt252IqsKqPjCl7huKS0A=="
		},
		"node_modules/uri-js": {
			"version": "4.4.1",
			"resolved": "https://registry.npmjs.org/uri-js/-/uri-js-4.4.1.tgz",
			"integrity": "sha512-7rKUyy33Q1yc98pQ1DAmLtwX109F7TIfWlW1Ydo8Wl1ii1SeHieeh0HHfPeL2fMXK6z0s8ecKs9frCuLJvndBg==",
			"dependencies": {
				"punycode": "^2.1.0"
			}
		},
		"node_modules/url-parse": {
			"version": "1.5.10",
			"resolved": "https://registry.npmjs.org/url-parse/-/url-parse-1.5.10.tgz",
			"integrity": "sha512-WypcfiRhfeUP9vvF0j6rw0J3hrWrw6iZv3+22h6iRMJ/8z1Tj6XfLP4DsUix5MhMPnXpiHDoKyoZ/bdCkwBCiQ==",
			"dependencies": {
				"querystringify": "^2.1.1",
				"requires-port": "^1.0.0"
			}
		},
		"node_modules/validate.io-array": {
			"version": "1.0.6",
			"resolved": "https://registry.npmjs.org/validate.io-array/-/validate.io-array-1.0.6.tgz",
			"integrity": "sha512-DeOy7CnPEziggrOO5CZhVKJw6S3Yi7e9e65R1Nl/RTN1vTQKnzjfvks0/8kQ40FP/dsjRAOd4hxmJ7uLa6vxkg=="
		},
		"node_modules/validate.io-function": {
			"version": "1.0.2",
			"resolved": "https://registry.npmjs.org/validate.io-function/-/validate.io-function-1.0.2.tgz",
			"integrity": "sha512-LlFybRJEriSuBnUhQyG5bwglhh50EpTL2ul23MPIuR1odjO7XaMLFV8vHGwp7AZciFxtYOeiSCT5st+XSPONiQ=="
		},
		"node_modules/validate.io-integer": {
			"version": "1.0.5",
			"resolved": "https://registry.npmjs.org/validate.io-integer/-/validate.io-integer-1.0.5.tgz",
			"integrity": "sha512-22izsYSLojN/P6bppBqhgUDjCkr5RY2jd+N2a3DCAUey8ydvrZ/OkGvFPR7qfOpwR2LC5p4Ngzxz36g5Vgr/hQ==",
			"dependencies": {
				"validate.io-number": "^1.0.3"
			}
		},
		"node_modules/validate.io-integer-array": {
			"version": "1.0.0",
			"resolved": "https://registry.npmjs.org/validate.io-integer-array/-/validate.io-integer-array-1.0.0.tgz",
			"integrity": "sha512-mTrMk/1ytQHtCY0oNO3dztafHYyGU88KL+jRxWuzfOmQb+4qqnWmI+gykvGp8usKZOM0H7keJHEbRaFiYA0VrA==",
			"dependencies": {
				"validate.io-array": "^1.0.3",
				"validate.io-integer": "^1.0.4"
			}
		},
		"node_modules/validate.io-number": {
			"version": "1.0.3",
			"resolved": "https://registry.npmjs.org/validate.io-number/-/validate.io-number-1.0.3.tgz",
			"integrity": "sha512-kRAyotcbNaSYoDnXvb4MHg/0a1egJdLwS6oJ38TJY7aw9n93Fl/3blIXdyYvPOp55CNxywooG/3BcrwNrBpcSg=="
		},
		"node_modules/ws": {
			"version": "8.16.0",
			"resolved": "https://registry.npmjs.org/ws/-/ws-8.16.0.tgz",
			"integrity": "sha512-HS0c//TP7Ina87TfiPUz1rQzMhHrl/SG2guqRcTOIUYD2q8uhUdNHZYJUaQ8aTGPzCh+c6oawMKW35nFl1dxyQ==",
			"engines": {
				"node": ">=10.0.0"
			},
			"peerDependencies": {
				"bufferutil": "^4.0.1",
				"utf-8-validate": ">=5.0.2"
			},
			"peerDependenciesMeta": {
				"bufferutil": {
					"optional": true
				},
				"utf-8-validate": {
					"optional": true
				}
			}
		},
		"node_modules/xss": {
			"version": "0.0.9",
			"resolved": "https://registry.npmjs.org/xss/-/xss-0.0.9.tgz",
			"integrity": "sha512-jPFdM56EihzKcXeGjFy0kxYigtdB1CWCzS3FVp+HYv5a+BwSHpBe+FQOVgaVN1qQ81h8/W0ICj/4/sVRb8eZWQ==",
			"engines": {
				"node": ">= 0.6.0"
			}
		},
		"node_modules/y-protocols": {
			"version": "1.0.6",
			"resolved": "https://registry.npmjs.org/y-protocols/-/y-protocols-1.0.6.tgz",
			"integrity": "sha512-vHRF2L6iT3rwj1jub/K5tYcTT/mEYDUppgNPXwp8fmLpui9f7Yeq3OEtTLVF012j39QnV+KEQpNqoN7CWU7Y9Q==",
			"dependencies": {
				"lib0": "^0.2.85"
			},
			"engines": {
				"node": ">=16.0.0",
				"npm": ">=8.0.0"
			},
			"funding": {
				"type": "GitHub Sponsors ❤",
				"url": "https://github.com/sponsors/dmonad"
			},
			"peerDependencies": {
				"yjs": "^13.0.0"
			}
		},
		"node_modules/yjs": {
			"version": "13.6.12",
			"resolved": "https://registry.npmjs.org/yjs/-/yjs-13.6.12.tgz",
			"integrity": "sha512-KOT8ILoyVH2f/PxPadeu5kVVS055D1r3x1iFfJVJzFdnN98pVGM8H07NcKsO+fG3F7/0tf30Vnokf5YIqhU/iw==",
			"dependencies": {
				"lib0": "^0.2.86"
			},
			"engines": {
				"node": ">=16.0.0",
				"npm": ">=8.0.0"
			},
			"funding": {
				"type": "GitHub Sponsors ❤",
				"url": "https://github.com/sponsors/dmonad"
			}
		}
	}
}
